
Microsoft Visual Studio Solution File, Format Version 12.00
# Visual Studio Version 16
VisualStudioVersion = 16.0.33214.272
MinimumVisualStudioVersion = 10.0.40219.1
Project("{FAE04EC0-301F-11D3-BF4B-00C04F79EFBC}") = "lab1", "lab1\lab1.csproj", "{7C4D3DEB-FF4D-4EA8-812F-7AC17A6BAD20}"
EndProject
Project("{FAE04EC0-301F-11D3-BF4B-00C04F79EFBC}") = "Win", "Win\Win.csproj", "{248609C3-C986-4624-B067-05FC04696F39}"
EndProject
Global
	GlobalSection(SolutionConfigurationPlatforms) = preSolution
		Debug|Any CPU = Debug|Any CPU
		Release|Any CPU = Release|Any CPU
	EndGlobalSection
	GlobalSection(ProjectConfigurationPlatforms) = postSolution
		{7C4D3DEB-FF4D-4EA8-812F-7AC17A6BAD20}.Debug|Any CPU.ActiveCfg = Debug|Any CPU
		{7C4D3DEB-FF4D-4EA8-812F-7AC17A6BAD20}.Debug|Any CPU.Build.0 = Debug|Any CPU
		{7C4D3DEB-FF4D-4EA8-812F-7AC17A6BAD20}.Release|Any CPU.ActiveCfg = Release|Any CPU
		{7C4D3DEB-FF4D-4EA8-812F-7AC17A6BAD20}.Release|Any CPU.Build.0 = Release|Any CPU
		{248609C3-C986-4624-B067-05FC04696F39}.Debug|Any CPU.ActiveCfg = Debug|Any CPU
		{248609C3-C986-4624-B067-05FC04696F39}.Debug|Any CPU.Build.0 = Debug|Any CPU
		{248609C3-C986-4624-B067-05FC04696F39}.Release|Any CPU.ActiveCfg = Release|Any CPU
		{248609C3-C986-4624-B067-05FC04696F39}.Release|Any CPU.Build.0 = Release|Any CPU
	EndGlobalSection
	GlobalSection(SolutionProperties) = preSolution
		HideSolutionNode = FALSE
	EndGlobalSection
	GlobalSection(ExtensibilityGlobals) = postSolution
		SolutionGuid = {6DBCF0EC-275C-42A8-90F8-06FB5C5F9DF3}
	EndGlobalSection
EndGlobal
