
Microsoft Visual Studio Solution File, Format Version 12.00
# Visual Studio Version 16
VisualStudioVersion = 16.0.33328.57
MinimumVisualStudioVersion = 10.0.40219.1
Project("{FAE04EC0-301F-11D3-BF4B-00C04F79EFBC}") = "WebApplication2", "WebApplication2\WebApplication2.csproj", "{35DEBDC7-D07E-4262-A1B9-6988172A429D}"
EndProject
Global
	GlobalSection(SolutionConfigurationPlatforms) = preSolution
		Debug|Any CPU = Debug|Any CPU
		Release|Any CPU = Release|Any CPU
	EndGlobalSection
	GlobalSection(ProjectConfigurationPlatforms) = postSolution
		{35DEBDC7-D07E-4262-A1B9-6988172A429D}.Debug|Any CPU.ActiveCfg = Debug|Any CPU
		{35DEBDC7-D07E-4262-A1B9-6988172A429D}.Debug|Any CPU.Build.0 = Debug|Any CPU
		{35DEBDC7-D07E-4262-A1B9-6988172A429D}.Release|Any CPU.ActiveCfg = Release|Any CPU
		{35DEBDC7-D07E-4262-A1B9-6988172A429D}.Release|Any CPU.Build.0 = Release|Any CPU
	EndGlobalSection
	GlobalSection(SolutionProperties) = preSolution
		HideSolutionNode = FALSE
	EndGlobalSection
	GlobalSection(ExtensibilityGlobals) = postSolution
		SolutionGuid = {4A96839C-5F1B-4CB5-9E6B-7263E65F9740}
	EndGlobalSection
EndGlobal
